
Microsoft Visual Studio Solution File, Format Version 12.00
# Visual Studio Version 17
VisualStudioVersion = 17.9.34622.214
MinimumVisualStudioVersion = 10.0.40219.1
Project("{FAE04EC0-301F-11D3-BF4B-00C04F79EFBC}") = "Proyecto-1", "Proyecto-1\Proyecto-1.csproj", "{2BEAB882-E380-4630-A561-C0DAF19C27CD}"
EndProject
Global
	GlobalSection(SolutionConfigurationPlatforms) = preSolution
		Debug|Any CPU = Debug|Any CPU
		Release|Any CPU = Release|Any CPU
	EndGlobalSection
	GlobalSection(ProjectConfigurationPlatforms) = postSolution
		{2BEAB882-E380-4630-A561-C0DAF19C27CD}.Debug|Any CPU.ActiveCfg = Debug|Any CPU
		{2BEAB882-E380-4630-A561-C0DAF19C27CD}.Debug|Any CPU.Build.0 = Debug|Any CPU
		{2BEAB882-E380-4630-A561-C0DAF19C27CD}.Release|Any CPU.ActiveCfg = Release|Any CPU
		{2BEAB882-E380-4630-A561-C0DAF19C27CD}.Release|Any CPU.Build.0 = Release|Any CPU
	EndGlobalSection
	GlobalSection(SolutionProperties) = preSolution
		HideSolutionNode = FALSE
	EndGlobalSection
	GlobalSection(ExtensibilityGlobals) = postSolution
		SolutionGuid = {04DC78BD-FCCF-4770-91F8-405E5DC13E7D}
	EndGlobalSection
EndGlobal
